// !$*UTF8*$!
{
	archiveVersion = 1;
	classes = {
	};
	objectVersion = 46;
	objects = {

/* Begin PBXBuildFile section */
		383955E139225B72A1B9C59A /* Pods_HackerUITests.framework in Frameworks */ = {isa = PBXBuildFile; fileRef = 3A32AE23EF7CBF2FFC1F9569 /* Pods_HackerUITests.framework */; };
		A3CBDBEF4C32E556746BBAFF /* Pods_Hacker.framework in Frameworks */ = {isa = PBXBuildFile; fileRef = D32A7E355C758241F1A127BB /* Pods_Hacker.framework */; };
		BD9D7A5E564EE15C9B9D7DAF /* Pods_HackerKit.framework in Frameworks */ = {isa = PBXBuildFile; fileRef = 13902FDC505677ADB97E19DF /* Pods_HackerKit.framework */; };
		C8429AE41EDA5A4500384268 /* fullStory.json in Resources */ = {isa = PBXBuildFile; fileRef = C8429ADE1EDA5A4500384268 /* fullStory.json */; };
		C8429AE51EDA5A4500384268 /* story.json in Resources */ = {isa = PBXBuildFile; fileRef = C8429ADF1EDA5A4500384268 /* story.json */; };
		C8429AE61EDA5A4500384268 /* storyWithInvalidComment.json in Resources */ = {isa = PBXBuildFile; fileRef = C8429AE01EDA5A4500384268 /* storyWithInvalidComment.json */; };
		C8429AE71EDA5A4500384268 /* storyWithNegativePoints.json in Resources */ = {isa = PBXBuildFile; fileRef = C8429AE11EDA5A4500384268 /* storyWithNegativePoints.json */; };
		C8429AE81EDA5A4500384268 /* storyWithoutID.json in Resources */ = {isa = PBXBuildFile; fileRef = C8429AE21EDA5A4500384268 /* storyWithoutID.json */; };
		C8429AE91EDA5A4500384268 /* storyWithoutPoints.json in Resources */ = {isa = PBXBuildFile; fileRef = C8429AE31EDA5A4500384268 /* storyWithoutPoints.json */; };
		C8429AEB1EDA5B0C00384268 /* R.generated.swift in Sources */ = {isa = PBXBuildFile; fileRef = C8429AEA1EDA5B0C00384268 /* R.generated.swift */; };
		C8429AED1EDA5B2300384268 /* MapperFromFile.swift in Sources */ = {isa = PBXBuildFile; fileRef = C8429AEC1EDA5B2300384268 /* MapperFromFile.swift */; };
		C8429AF21EDA5BF600384268 /* Request.swift in Sources */ = {isa = PBXBuildFile; fileRef = C8429AF11EDA5BF600384268 /* Request.swift */; };
		C8429AF51EDA5C4400384268 /* API.swift in Sources */ = {isa = PBXBuildFile; fileRef = C8429AF41EDA5C4400384268 /* API.swift */; };
		C8429AF91EDA5E3100384268 /* Network.swift in Sources */ = {isa = PBXBuildFile; fileRef = C8429AF81EDA5E3100384268 /* Network.swift */; };
		C8429AFB1EDAA6BD00384268 /* HNRequest.swift in Sources */ = {isa = PBXBuildFile; fileRef = C8429AFA1EDAA6BD00384268 /* HNRequest.swift */; };
		C8429AFD1EDAABDF00384268 /* Parameters.swift in Sources */ = {isa = PBXBuildFile; fileRef = C8429AFC1EDAABDF00384268 /* Parameters.swift */; };
		C8429AFF1EDAAEE500384268 /* RequestTests.swift in Sources */ = {isa = PBXBuildFile; fileRef = C8429AFE1EDAAEE500384268 /* RequestTests.swift */; };
		C8710B871EDAB6BE005D74FF /* NetworkTests.swift in Sources */ = {isa = PBXBuildFile; fileRef = C8710B851EDAB6BE005D74FF /* NetworkTests.swift */; };
		C891B7831ED7B1C700249A53 /* AppDelegate.swift in Sources */ = {isa = PBXBuildFile; fileRef = C891B7821ED7B1C700249A53 /* AppDelegate.swift */; };
		C891B7851ED7B1C700249A53 /* ViewController.swift in Sources */ = {isa = PBXBuildFile; fileRef = C891B7841ED7B1C700249A53 /* ViewController.swift */; };
		C891B7881ED7B1C700249A53 /* Main.storyboard in Resources */ = {isa = PBXBuildFile; fileRef = C891B7861ED7B1C700249A53 /* Main.storyboard */; };
		C891B78D1ED7B1C700249A53 /* Assets.xcassets in Resources */ = {isa = PBXBuildFile; fileRef = C891B78C1ED7B1C700249A53 /* Assets.xcassets */; };
		C891B7901ED7B1C700249A53 /* LaunchScreen.storyboard in Resources */ = {isa = PBXBuildFile; fileRef = C891B78E1ED7B1C700249A53 /* LaunchScreen.storyboard */; };
		C8A407791EDA576500ED8135 /* HackerKit.framework in Frameworks */ = {isa = PBXBuildFile; fileRef = C8A407701EDA576500ED8135 /* HackerKit.framework */; };
		C8A407821EDA576500ED8135 /* HackerKit.h in Headers */ = {isa = PBXBuildFile; fileRef = C8A407721EDA576500ED8135 /* HackerKit.h */; settings = {ATTRIBUTES = (Public, ); }; };
		C8A407851EDA576500ED8135 /* HackerKit.framework in Frameworks */ = {isa = PBXBuildFile; fileRef = C8A407701EDA576500ED8135 /* HackerKit.framework */; };
		C8A407861EDA576500ED8135 /* HackerKit.framework in Embed Frameworks */ = {isa = PBXBuildFile; fileRef = C8A407701EDA576500ED8135 /* HackerKit.framework */; settings = {ATTRIBUTES = (CodeSignOnCopy, RemoveHeadersOnCopy, ); }; };
		C8BF806F1EDA57FF00102112 /* Comment.swift in Sources */ = {isa = PBXBuildFile; fileRef = C8BF80651EDA57FF00102112 /* Comment.swift */; };
		C8BF80701EDA57FF00102112 /* ConvertToOrderedSet.swift in Sources */ = {isa = PBXBuildFile; fileRef = C8BF80661EDA57FF00102112 /* ConvertToOrderedSet.swift */; };
		C8BF80711EDA57FF00102112 /* ExtractDate.swift in Sources */ = {isa = PBXBuildFile; fileRef = C8BF80671EDA57FF00102112 /* ExtractDate.swift */; };
		C8BF80721EDA57FF00102112 /* Item.swift in Sources */ = {isa = PBXBuildFile; fileRef = C8BF80681EDA57FF00102112 /* Item.swift */; };
		C8BF80731EDA57FF00102112 /* JSONDecodable.swift in Sources */ = {isa = PBXBuildFile; fileRef = C8BF80691EDA57FF00102112 /* JSONDecodable.swift */; };
		C8BF80741EDA57FF00102112 /* Map+Int32.swift in Sources */ = {isa = PBXBuildFile; fileRef = C8BF806A1EDA57FF00102112 /* Map+Int32.swift */; };
		C8BF80751EDA57FF00102112 /* MappableArrayOfManagedObjects.swift in Sources */ = {isa = PBXBuildFile; fileRef = C8BF806B1EDA57FF00102112 /* MappableArrayOfManagedObjects.swift */; };
		C8BF80771EDA57FF00102112 /* R.generated.swift in Sources */ = {isa = PBXBuildFile; fileRef = C8BF806D1EDA57FF00102112 /* R.generated.swift */; };
		C8BF80781EDA57FF00102112 /* Story.swift in Sources */ = {isa = PBXBuildFile; fileRef = C8BF806E1EDA57FF00102112 /* Story.swift */; };
		C8BF807A1EDA580C00102112 /* StoryTests.swift in Sources */ = {isa = PBXBuildFile; fileRef = C8BF80791EDA580C00102112 /* StoryTests.swift */; };
		C8BF807E1EDA58C700102112 /* Hacker.xcdatamodeld in Sources */ = {isa = PBXBuildFile; fileRef = C8BF807C1EDA58C700102112 /* Hacker.xcdatamodeld */; };
		D26C4D18370CF7FA179338D1 /* Pods_HackerTests.framework in Frameworks */ = {isa = PBXBuildFile; fileRef = 872B535EC4A8C27F9D8E7528 /* Pods_HackerTests.framework */; };
		E14B0BCC639BD1069D44FDAD /* Pods_HackerKitTests.framework in Frameworks */ = {isa = PBXBuildFile; fileRef = 1EAADBAEA54B95A2233FF381 /* Pods_HackerKitTests.framework */; };
/* End PBXBuildFile section */

/* Begin PBXContainerItemProxy section */
		C891B7971ED7B1C700249A53 /* PBXContainerItemProxy */ = {
			isa = PBXContainerItemProxy;
			containerPortal = C891B7771ED7B1C700249A53 /* Project object */;
			proxyType = 1;
			remoteGlobalIDString = C891B77E1ED7B1C700249A53;
			remoteInfo = Hacker;
		};
		C891B7A21ED7B1C700249A53 /* PBXContainerItemProxy */ = {
			isa = PBXContainerItemProxy;
			containerPortal = C891B7771ED7B1C700249A53 /* Project object */;
			proxyType = 1;
			remoteGlobalIDString = C891B77E1ED7B1C700249A53;
			remoteInfo = Hacker;
		};
		C8A4077A1EDA576500ED8135 /* PBXContainerItemProxy */ = {
			isa = PBXContainerItemProxy;
			containerPortal = C891B7771ED7B1C700249A53 /* Project object */;
			proxyType = 1;
			remoteGlobalIDString = C8A4076F1EDA576500ED8135;
			remoteInfo = HackerKit;
		};
		C8A4077C1EDA576500ED8135 /* PBXContainerItemProxy */ = {
			isa = PBXContainerItemProxy;
			containerPortal = C891B7771ED7B1C700249A53 /* Project object */;
			proxyType = 1;
			remoteGlobalIDString = C891B77E1ED7B1C700249A53;
			remoteInfo = Hacker;
		};
		C8A407831EDA576500ED8135 /* PBXContainerItemProxy */ = {
			isa = PBXContainerItemProxy;
			containerPortal = C891B7771ED7B1C700249A53 /* Project object */;
			proxyType = 1;
			remoteGlobalIDString = C8A4076F1EDA576500ED8135;
			remoteInfo = HackerKit;
		};
/* End PBXContainerItemProxy section */

/* Begin PBXCopyFilesBuildPhase section */
		C891B7D31ED7BAD300249A53 /* Embed Frameworks */ = {
			isa = PBXCopyFilesBuildPhase;
			buildActionMask = 2147483647;
			dstPath = "";
			dstSubfolderSpec = 10;
			files = (
				C8A407861EDA576500ED8135 /* HackerKit.framework in Embed Frameworks */,
			);
			name = "Embed Frameworks";
			runOnlyForDeploymentPostprocessing = 0;
		};
/* End PBXCopyFilesBuildPhase section */

/* Begin PBXFileReference section */
		13902FDC505677ADB97E19DF /* Pods_HackerKit.framework */ = {isa = PBXFileReference; explicitFileType = wrapper.framework; includeInIndex = 0; path = Pods_HackerKit.framework; sourceTree = BUILT_PRODUCTS_DIR; };
		1EAADBAEA54B95A2233FF381 /* Pods_HackerKitTests.framework */ = {isa = PBXFileReference; explicitFileType = wrapper.framework; includeInIndex = 0; path = Pods_HackerKitTests.framework; sourceTree = BUILT_PRODUCTS_DIR; };
		1F73BD8086BC8F2DD4E8B304 /* Pods-HackerUITests.debug.xcconfig */ = {isa = PBXFileReference; includeInIndex = 1; lastKnownFileType = text.xcconfig; name = "Pods-HackerUITests.debug.xcconfig"; path = "Pods/Target Support Files/Pods-HackerUITests/Pods-HackerUITests.debug.xcconfig"; sourceTree = "<group>"; };
		35845775E2D519FA697DCAE0 /* Pods-Hacker-HackerKit.release.xcconfig */ = {isa = PBXFileReference; includeInIndex = 1; lastKnownFileType = text.xcconfig; name = "Pods-Hacker-HackerKit.release.xcconfig"; path = "Pods/Target Support Files/Pods-Hacker-HackerKit/Pods-Hacker-HackerKit.release.xcconfig"; sourceTree = "<group>"; };
		3A32AE23EF7CBF2FFC1F9569 /* Pods_HackerUITests.framework */ = {isa = PBXFileReference; explicitFileType = wrapper.framework; includeInIndex = 0; path = Pods_HackerUITests.framework; sourceTree = BUILT_PRODUCTS_DIR; };
		45F1D13A99DF51B93D0FC84F /* Pods-HackerTests.release.xcconfig */ = {isa = PBXFileReference; includeInIndex = 1; lastKnownFileType = text.xcconfig; name = "Pods-HackerTests.release.xcconfig"; path = "Pods/Target Support Files/Pods-HackerTests/Pods-HackerTests.release.xcconfig"; sourceTree = "<group>"; };
		465A3C7069EC1BAC88428D8E /* Pods-Hacker-HackerKit.debug.xcconfig */ = {isa = PBXFileReference; includeInIndex = 1; lastKnownFileType = text.xcconfig; name = "Pods-Hacker-HackerKit.debug.xcconfig"; path = "Pods/Target Support Files/Pods-Hacker-HackerKit/Pods-Hacker-HackerKit.debug.xcconfig"; sourceTree = "<group>"; };
		4A73609B4123F02A7753969A /* Pods-Hacker-Models.release.xcconfig */ = {isa = PBXFileReference; includeInIndex = 1; lastKnownFileType = text.xcconfig; name = "Pods-Hacker-Models.release.xcconfig"; path = "Pods/Target Support Files/Pods-Hacker-Models/Pods-Hacker-Models.release.xcconfig"; sourceTree = "<group>"; };
		5157B04032B9087ACC9C8DD1 /* Pods-HackerTests.debug.xcconfig */ = {isa = PBXFileReference; includeInIndex = 1; lastKnownFileType = text.xcconfig; name = "Pods-HackerTests.debug.xcconfig"; path = "Pods/Target Support Files/Pods-HackerTests/Pods-HackerTests.debug.xcconfig"; sourceTree = "<group>"; };
		7324171FA8EE490423A22B28 /* Pods-HackerKit.release.xcconfig */ = {isa = PBXFileReference; includeInIndex = 1; lastKnownFileType = text.xcconfig; name = "Pods-HackerKit.release.xcconfig"; path = "Pods/Target Support Files/Pods-HackerKit/Pods-HackerKit.release.xcconfig"; sourceTree = "<group>"; };
		872B535EC4A8C27F9D8E7528 /* Pods_HackerTests.framework */ = {isa = PBXFileReference; explicitFileType = wrapper.framework; includeInIndex = 0; path = Pods_HackerTests.framework; sourceTree = BUILT_PRODUCTS_DIR; };
		A0F97F45175C15EF8DE4B867 /* Pods-ModelsTests.release.xcconfig */ = {isa = PBXFileReference; includeInIndex = 1; lastKnownFileType = text.xcconfig; name = "Pods-ModelsTests.release.xcconfig"; path = "Pods/Target Support Files/Pods-ModelsTests/Pods-ModelsTests.release.xcconfig"; sourceTree = "<group>"; };
		A58EAE3DE6BEF1008A2C0D97 /* Pods_Hacker_HackerKit.framework */ = {isa = PBXFileReference; explicitFileType = wrapper.framework; includeInIndex = 0; path = Pods_Hacker_HackerKit.framework; sourceTree = BUILT_PRODUCTS_DIR; };
		B9245D95C9B11631001B11F4 /* Pods_ModelsTests.framework */ = {isa = PBXFileReference; explicitFileType = wrapper.framework; includeInIndex = 0; path = Pods_ModelsTests.framework; sourceTree = BUILT_PRODUCTS_DIR; };
		B987EC1D9F3E6D3F46C36505 /* Pods-HackerKitTests.release.xcconfig */ = {isa = PBXFileReference; includeInIndex = 1; lastKnownFileType = text.xcconfig; name = "Pods-HackerKitTests.release.xcconfig"; path = "Pods/Target Support Files/Pods-HackerKitTests/Pods-HackerKitTests.release.xcconfig"; sourceTree = "<group>"; };
		BB4FA0D6A2D9F90DDFD247FA /* Pods_Hacker_Models.framework */ = {isa = PBXFileReference; explicitFileType = wrapper.framework; includeInIndex = 0; path = Pods_Hacker_Models.framework; sourceTree = BUILT_PRODUCTS_DIR; };
		C7FC443930D091656B89ED70 /* Pods-Hacker.release.xcconfig */ = {isa = PBXFileReference; includeInIndex = 1; lastKnownFileType = text.xcconfig; name = "Pods-Hacker.release.xcconfig"; path = "Pods/Target Support Files/Pods-Hacker/Pods-Hacker.release.xcconfig"; sourceTree = "<group>"; };
		C8429ADE1EDA5A4500384268 /* fullStory.json */ = {isa = PBXFileReference; fileEncoding = 4; lastKnownFileType = text.json; path = fullStory.json; sourceTree = "<group>"; };
		C8429ADF1EDA5A4500384268 /* story.json */ = {isa = PBXFileReference; fileEncoding = 4; lastKnownFileType = text.json; path = story.json; sourceTree = "<group>"; };
		C8429AE01EDA5A4500384268 /* storyWithInvalidComment.json */ = {isa = PBXFileReference; fileEncoding = 4; lastKnownFileType = text.json; path = storyWithInvalidComment.json; sourceTree = "<group>"; };
		C8429AE11EDA5A4500384268 /* storyWithNegativePoints.json */ = {isa = PBXFileReference; fileEncoding = 4; lastKnownFileType = text.json; path = storyWithNegativePoints.json; sourceTree = "<group>"; };
		C8429AE21EDA5A4500384268 /* storyWithoutID.json */ = {isa = PBXFileReference; fileEncoding = 4; lastKnownFileType = text.json; path = storyWithoutID.json; sourceTree = "<group>"; };
		C8429AE31EDA5A4500384268 /* storyWithoutPoints.json */ = {isa = PBXFileReference; fileEncoding = 4; lastKnownFileType = text.json; path = storyWithoutPoints.json; sourceTree = "<group>"; };
		C8429AEA1EDA5B0C00384268 /* R.generated.swift */ = {isa = PBXFileReference; fileEncoding = 4; lastKnownFileType = sourcecode.swift; path = R.generated.swift; sourceTree = "<group>"; };
		C8429AEC1EDA5B2300384268 /* MapperFromFile.swift */ = {isa = PBXFileReference; fileEncoding = 4; lastKnownFileType = sourcecode.swift; path = MapperFromFile.swift; sourceTree = "<group>"; };
		C8429AF11EDA5BF600384268 /* Request.swift */ = {isa = PBXFileReference; fileEncoding = 4; lastKnownFileType = sourcecode.swift; path = Request.swift; sourceTree = "<group>"; };
		C8429AF41EDA5C4400384268 /* API.swift */ = {isa = PBXFileReference; fileEncoding = 4; lastKnownFileType = sourcecode.swift; path = API.swift; sourceTree = "<group>"; };
		C8429AF81EDA5E3100384268 /* Network.swift */ = {isa = PBXFileReference; fileEncoding = 4; lastKnownFileType = sourcecode.swift; path = Network.swift; sourceTree = "<group>"; };
		C8429AFA1EDAA6BD00384268 /* HNRequest.swift */ = {isa = PBXFileReference; fileEncoding = 4; lastKnownFileType = sourcecode.swift; path = HNRequest.swift; sourceTree = "<group>"; };
		C8429AFC1EDAABDF00384268 /* Parameters.swift */ = {isa = PBXFileReference; fileEncoding = 4; lastKnownFileType = sourcecode.swift; path = Parameters.swift; sourceTree = "<group>"; };
		C8429AFE1EDAAEE500384268 /* RequestTests.swift */ = {isa = PBXFileReference; fileEncoding = 4; lastKnownFileType = sourcecode.swift; path = RequestTests.swift; sourceTree = "<group>"; };
		C8710B851EDAB6BE005D74FF /* NetworkTests.swift */ = {isa = PBXFileReference; fileEncoding = 4; lastKnownFileType = sourcecode.swift; path = NetworkTests.swift; sourceTree = "<group>"; };
		C891B77F1ED7B1C700249A53 /* Hacker.app */ = {isa = PBXFileReference; explicitFileType = wrapper.application; includeInIndex = 0; path = Hacker.app; sourceTree = BUILT_PRODUCTS_DIR; };
		C891B7821ED7B1C700249A53 /* AppDelegate.swift */ = {isa = PBXFileReference; lastKnownFileType = sourcecode.swift; path = AppDelegate.swift; sourceTree = "<group>"; };
		C891B7841ED7B1C700249A53 /* ViewController.swift */ = {isa = PBXFileReference; lastKnownFileType = sourcecode.swift; path = ViewController.swift; sourceTree = "<group>"; };
		C891B7871ED7B1C700249A53 /* Base */ = {isa = PBXFileReference; lastKnownFileType = file.storyboard; name = Base; path = Base.lproj/Main.storyboard; sourceTree = "<group>"; };
		C891B78C1ED7B1C700249A53 /* Assets.xcassets */ = {isa = PBXFileReference; lastKnownFileType = folder.assetcatalog; path = Assets.xcassets; sourceTree = "<group>"; };
		C891B78F1ED7B1C700249A53 /* Base */ = {isa = PBXFileReference; lastKnownFileType = file.storyboard; name = Base; path = Base.lproj/LaunchScreen.storyboard; sourceTree = "<group>"; };
		C891B7911ED7B1C700249A53 /* Info.plist */ = {isa = PBXFileReference; lastKnownFileType = text.plist.xml; path = Info.plist; sourceTree = "<group>"; };
		C891B7961ED7B1C700249A53 /* HackerTests.xctest */ = {isa = PBXFileReference; explicitFileType = wrapper.cfbundle; includeInIndex = 0; path = HackerTests.xctest; sourceTree = BUILT_PRODUCTS_DIR; };
		C891B79C1ED7B1C700249A53 /* Info.plist */ = {isa = PBXFileReference; lastKnownFileType = text.plist.xml; path = Info.plist; sourceTree = "<group>"; };
		C891B7A11ED7B1C700249A53 /* HackerUITests.xctest */ = {isa = PBXFileReference; explicitFileType = wrapper.cfbundle; includeInIndex = 0; path = HackerUITests.xctest; sourceTree = BUILT_PRODUCTS_DIR; };
		C891B7A71ED7B1C700249A53 /* Info.plist */ = {isa = PBXFileReference; lastKnownFileType = text.plist.xml; path = Info.plist; sourceTree = "<group>"; };
		C891B7B31ED7B65300249A53 /* Staging.playground */ = {isa = PBXFileReference; lastKnownFileType = file.playground; name = Staging.playground; path = Hacker/Staging.playground; sourceTree = "<group>"; };
		C8A407701EDA576500ED8135 /* HackerKit.framework */ = {isa = PBXFileReference; explicitFileType = wrapper.framework; includeInIndex = 0; path = HackerKit.framework; sourceTree = BUILT_PRODUCTS_DIR; };
		C8A407721EDA576500ED8135 /* HackerKit.h */ = {isa = PBXFileReference; lastKnownFileType = sourcecode.c.h; path = HackerKit.h; sourceTree = "<group>"; };
		C8A407731EDA576500ED8135 /* Info.plist */ = {isa = PBXFileReference; lastKnownFileType = text.plist.xml; path = Info.plist; sourceTree = "<group>"; };
		C8A407781EDA576500ED8135 /* HackerKitTests.xctest */ = {isa = PBXFileReference; explicitFileType = wrapper.cfbundle; includeInIndex = 0; path = HackerKitTests.xctest; sourceTree = BUILT_PRODUCTS_DIR; };
		C8A407811EDA576500ED8135 /* Info.plist */ = {isa = PBXFileReference; lastKnownFileType = text.plist.xml; path = Info.plist; sourceTree = "<group>"; };
		C8BF80651EDA57FF00102112 /* Comment.swift */ = {isa = PBXFileReference; fileEncoding = 4; lastKnownFileType = sourcecode.swift; path = Comment.swift; sourceTree = "<group>"; };
		C8BF80661EDA57FF00102112 /* ConvertToOrderedSet.swift */ = {isa = PBXFileReference; fileEncoding = 4; lastKnownFileType = sourcecode.swift; path = ConvertToOrderedSet.swift; sourceTree = "<group>"; };
		C8BF80671EDA57FF00102112 /* ExtractDate.swift */ = {isa = PBXFileReference; fileEncoding = 4; lastKnownFileType = sourcecode.swift; path = ExtractDate.swift; sourceTree = "<group>"; };
		C8BF80681EDA57FF00102112 /* Item.swift */ = {isa = PBXFileReference; fileEncoding = 4; lastKnownFileType = sourcecode.swift; path = Item.swift; sourceTree = "<group>"; };
		C8BF80691EDA57FF00102112 /* JSONDecodable.swift */ = {isa = PBXFileReference; fileEncoding = 4; lastKnownFileType = sourcecode.swift; path = JSONDecodable.swift; sourceTree = "<group>"; };
		C8BF806A1EDA57FF00102112 /* Map+Int32.swift */ = {isa = PBXFileReference; fileEncoding = 4; lastKnownFileType = sourcecode.swift; path = "Map+Int32.swift"; sourceTree = "<group>"; };
		C8BF806B1EDA57FF00102112 /* MappableArrayOfManagedObjects.swift */ = {isa = PBXFileReference; fileEncoding = 4; lastKnownFileType = sourcecode.swift; path = MappableArrayOfManagedObjects.swift; sourceTree = "<group>"; };
		C8BF806D1EDA57FF00102112 /* R.generated.swift */ = {isa = PBXFileReference; fileEncoding = 4; lastKnownFileType = sourcecode.swift; path = R.generated.swift; sourceTree = "<group>"; };
		C8BF806E1EDA57FF00102112 /* Story.swift */ = {isa = PBXFileReference; fileEncoding = 4; lastKnownFileType = sourcecode.swift; path = Story.swift; sourceTree = "<group>"; };
		C8BF80791EDA580C00102112 /* StoryTests.swift */ = {isa = PBXFileReference; fileEncoding = 4; lastKnownFileType = sourcecode.swift; path = StoryTests.swift; sourceTree = "<group>"; };
		C8BF807D1EDA58C700102112 /* Hacker.xcdatamodel */ = {isa = PBXFileReference; lastKnownFileType = wrapper.xcdatamodel; path = Hacker.xcdatamodel; sourceTree = "<group>"; };
		CD937BF60F565FD25B811837 /* Pods-Hacker.debug.xcconfig */ = {isa = PBXFileReference; includeInIndex = 1; lastKnownFileType = text.xcconfig; name = "Pods-Hacker.debug.xcconfig"; path = "Pods/Target Support Files/Pods-Hacker/Pods-Hacker.debug.xcconfig"; sourceTree = "<group>"; };
		CF74B1F9D9E9A32345DC7D55 /* Pods-HackerKitTests.debug.xcconfig */ = {isa = PBXFileReference; includeInIndex = 1; lastKnownFileType = text.xcconfig; name = "Pods-HackerKitTests.debug.xcconfig"; path = "Pods/Target Support Files/Pods-HackerKitTests/Pods-HackerKitTests.debug.xcconfig"; sourceTree = "<group>"; };
		D32A7E355C758241F1A127BB /* Pods_Hacker.framework */ = {isa = PBXFileReference; explicitFileType = wrapper.framework; includeInIndex = 0; path = Pods_Hacker.framework; sourceTree = BUILT_PRODUCTS_DIR; };
		DC41F2DE33DB5E0C854A8F57 /* Pods-ModelsTests.debug.xcconfig */ = {isa = PBXFileReference; includeInIndex = 1; lastKnownFileType = text.xcconfig; name = "Pods-ModelsTests.debug.xcconfig"; path = "Pods/Target Support Files/Pods-ModelsTests/Pods-ModelsTests.debug.xcconfig"; sourceTree = "<group>"; };
		E18A157E4F1729694B457554 /* Pods-HackerUITests.release.xcconfig */ = {isa = PBXFileReference; includeInIndex = 1; lastKnownFileType = text.xcconfig; name = "Pods-HackerUITests.release.xcconfig"; path = "Pods/Target Support Files/Pods-HackerUITests/Pods-HackerUITests.release.xcconfig"; sourceTree = "<group>"; };
		F55FD820AE032A0277A60A05 /* Pods-Hacker-Models.debug.xcconfig */ = {isa = PBXFileReference; includeInIndex = 1; lastKnownFileType = text.xcconfig; name = "Pods-Hacker-Models.debug.xcconfig"; path = "Pods/Target Support Files/Pods-Hacker-Models/Pods-Hacker-Models.debug.xcconfig"; sourceTree = "<group>"; };
		FB6EC6C958C16E4AFF0AE672 /* Pods-HackerKit.debug.xcconfig */ = {isa = PBXFileReference; includeInIndex = 1; lastKnownFileType = text.xcconfig; name = "Pods-HackerKit.debug.xcconfig"; path = "Pods/Target Support Files/Pods-HackerKit/Pods-HackerKit.debug.xcconfig"; sourceTree = "<group>"; };
/* End PBXFileReference section */

/* Begin PBXFrameworksBuildPhase section */
		C891B77C1ED7B1C700249A53 /* Frameworks */ = {
			isa = PBXFrameworksBuildPhase;
			buildActionMask = 2147483647;
			files = (
				A3CBDBEF4C32E556746BBAFF /* Pods_Hacker.framework in Frameworks */,
				C8A407851EDA576500ED8135 /* HackerKit.framework in Frameworks */,
			);
			runOnlyForDeploymentPostprocessing = 0;
		};
		C891B7931ED7B1C700249A53 /* Frameworks */ = {
			isa = PBXFrameworksBuildPhase;
			buildActionMask = 2147483647;
			files = (
				D26C4D18370CF7FA179338D1 /* Pods_HackerTests.framework in Frameworks */,
			);
			runOnlyForDeploymentPostprocessing = 0;
		};
		C891B79E1ED7B1C700249A53 /* Frameworks */ = {
			isa = PBXFrameworksBuildPhase;
			buildActionMask = 2147483647;
			files = (
				383955E139225B72A1B9C59A /* Pods_HackerUITests.framework in Frameworks */,
			);
			runOnlyForDeploymentPostprocessing = 0;
		};
		C8A4076C1EDA576500ED8135 /* Frameworks */ = {
			isa = PBXFrameworksBuildPhase;
			buildActionMask = 2147483647;
			files = (
				BD9D7A5E564EE15C9B9D7DAF /* Pods_HackerKit.framework in Frameworks */,
			);
			runOnlyForDeploymentPostprocessing = 0;
		};
		C8A407751EDA576500ED8135 /* Frameworks */ = {
			isa = PBXFrameworksBuildPhase;
			buildActionMask = 2147483647;
			files = (
				C8A407791EDA576500ED8135 /* HackerKit.framework in Frameworks */,
				E14B0BCC639BD1069D44FDAD /* Pods_HackerKitTests.framework in Frameworks */,
			);
			runOnlyForDeploymentPostprocessing = 0;
		};
/* End PBXFrameworksBuildPhase section */

/* Begin PBXGroup section */
		75386190C74F0A69B8FF8B69 /* Frameworks */ = {
			isa = PBXGroup;
			children = (
				D32A7E355C758241F1A127BB /* Pods_Hacker.framework */,
				872B535EC4A8C27F9D8E7528 /* Pods_HackerTests.framework */,
				3A32AE23EF7CBF2FFC1F9569 /* Pods_HackerUITests.framework */,
				BB4FA0D6A2D9F90DDFD247FA /* Pods_Hacker_Models.framework */,
				B9245D95C9B11631001B11F4 /* Pods_ModelsTests.framework */,
				A58EAE3DE6BEF1008A2C0D97 /* Pods_Hacker_HackerKit.framework */,
				1EAADBAEA54B95A2233FF381 /* Pods_HackerKitTests.framework */,
				13902FDC505677ADB97E19DF /* Pods_HackerKit.framework */,
			);
			name = Frameworks;
			sourceTree = "<group>";
		};
		B385DE200E8D7B862C6D7A71 /* Pods */ = {
			isa = PBXGroup;
			children = (
				CD937BF60F565FD25B811837 /* Pods-Hacker.debug.xcconfig */,
				C7FC443930D091656B89ED70 /* Pods-Hacker.release.xcconfig */,
				5157B04032B9087ACC9C8DD1 /* Pods-HackerTests.debug.xcconfig */,
				45F1D13A99DF51B93D0FC84F /* Pods-HackerTests.release.xcconfig */,
				1F73BD8086BC8F2DD4E8B304 /* Pods-HackerUITests.debug.xcconfig */,
				E18A157E4F1729694B457554 /* Pods-HackerUITests.release.xcconfig */,
				F55FD820AE032A0277A60A05 /* Pods-Hacker-Models.debug.xcconfig */,
				4A73609B4123F02A7753969A /* Pods-Hacker-Models.release.xcconfig */,
				DC41F2DE33DB5E0C854A8F57 /* Pods-ModelsTests.debug.xcconfig */,
				A0F97F45175C15EF8DE4B867 /* Pods-ModelsTests.release.xcconfig */,
				465A3C7069EC1BAC88428D8E /* Pods-Hacker-HackerKit.debug.xcconfig */,
				35845775E2D519FA697DCAE0 /* Pods-Hacker-HackerKit.release.xcconfig */,
				CF74B1F9D9E9A32345DC7D55 /* Pods-HackerKitTests.debug.xcconfig */,
				B987EC1D9F3E6D3F46C36505 /* Pods-HackerKitTests.release.xcconfig */,
				FB6EC6C958C16E4AFF0AE672 /* Pods-HackerKit.debug.xcconfig */,
				7324171FA8EE490423A22B28 /* Pods-HackerKit.release.xcconfig */,
			);
			name = Pods;
			sourceTree = "<group>";
		};
		C8429ADD1EDA5A4500384268 /* Fixtures */ = {
			isa = PBXGroup;
			children = (
				C8429ADE1EDA5A4500384268 /* fullStory.json */,
				C8429ADF1EDA5A4500384268 /* story.json */,
				C8429AE01EDA5A4500384268 /* storyWithInvalidComment.json */,
				C8429AE11EDA5A4500384268 /* storyWithNegativePoints.json */,
				C8429AE21EDA5A4500384268 /* storyWithoutID.json */,
				C8429AE31EDA5A4500384268 /* storyWithoutPoints.json */,
			);
			path = Fixtures;
			sourceTree = "<group>";
		};
		C8429AEE1EDA5BCC00384268 /* Networking */ = {
			isa = PBXGroup;
			children = (
				C8429AF41EDA5C4400384268 /* API.swift */,
				C8429AFC1EDAABDF00384268 /* Parameters.swift */,
				C8429AF11EDA5BF600384268 /* Request.swift */,
				C8429AFE1EDAAEE500384268 /* RequestTests.swift */,
				C8429AFA1EDAA6BD00384268 /* HNRequest.swift */,
				C8429AF81EDA5E3100384268 /* Network.swift */,
				C8710B851EDAB6BE005D74FF /* NetworkTests.swift */,
			);
			name = Networking;
			sourceTree = "<group>";
		};
		C8429AF31EDA5C2B00384268 /* Models */ = {
			isa = PBXGroup;
			children = (
				C8BF807C1EDA58C700102112 /* Hacker.xcdatamodeld */,
				C8BF80691EDA57FF00102112 /* JSONDecodable.swift */,
				C8BF80651EDA57FF00102112 /* Comment.swift */,
				C8BF80681EDA57FF00102112 /* Item.swift */,
				C8BF806E1EDA57FF00102112 /* Story.swift */,
				C8BF80791EDA580C00102112 /* StoryTests.swift */,
			);
			name = Models;
			sourceTree = "<group>";
		};
		C891B7761ED7B1C700249A53 = {
			isa = PBXGroup;
			children = (
				C891B7B31ED7B65300249A53 /* Staging.playground */,
				C891B7811ED7B1C700249A53 /* Hacker */,
				C891B7991ED7B1C700249A53 /* HackerTests */,
				C891B7A41ED7B1C700249A53 /* HackerUITests */,
				C8A407711EDA576500ED8135 /* HackerKit */,
				C8A4077E1EDA576500ED8135 /* HackerKitTests */,
				C891B7801ED7B1C700249A53 /* Products */,
				B385DE200E8D7B862C6D7A71 /* Pods */,
				75386190C74F0A69B8FF8B69 /* Frameworks */,
			);
			sourceTree = "<group>";
		};
		C891B7801ED7B1C700249A53 /* Products */ = {
			isa = PBXGroup;
			children = (
				C891B77F1ED7B1C700249A53 /* Hacker.app */,
				C891B7961ED7B1C700249A53 /* HackerTests.xctest */,
				C891B7A11ED7B1C700249A53 /* HackerUITests.xctest */,
				C8A407701EDA576500ED8135 /* HackerKit.framework */,
				C8A407781EDA576500ED8135 /* HackerKitTests.xctest */,
			);
			name = Products;
			sourceTree = "<group>";
		};
		C891B7811ED7B1C700249A53 /* Hacker */ = {
			isa = PBXGroup;
			children = (
				C891B7821ED7B1C700249A53 /* AppDelegate.swift */,
				C891B7841ED7B1C700249A53 /* ViewController.swift */,
				C891B7861ED7B1C700249A53 /* Main.storyboard */,
				C891B78C1ED7B1C700249A53 /* Assets.xcassets */,
				C891B78E1ED7B1C700249A53 /* LaunchScreen.storyboard */,
				C891B7911ED7B1C700249A53 /* Info.plist */,
			);
			path = Hacker;
			sourceTree = "<group>";
		};
		C891B7991ED7B1C700249A53 /* HackerTests */ = {
			isa = PBXGroup;
			children = (
				C891B79C1ED7B1C700249A53 /* Info.plist */,
			);
			path = HackerTests;
			sourceTree = "<group>";
		};
		C891B7A41ED7B1C700249A53 /* HackerUITests */ = {
			isa = PBXGroup;
			children = (
				C891B7A71ED7B1C700249A53 /* Info.plist */,
			);
			path = HackerUITests;
			sourceTree = "<group>";
		};
		C8A407711EDA576500ED8135 /* HackerKit */ = {
			isa = PBXGroup;
			children = (
				C8429AEE1EDA5BCC00384268 /* Networking */,
				C8429AF31EDA5C2B00384268 /* Models */,
				C8BF807B1EDA581A00102112 /* Map */,
				C8A407721EDA576500ED8135 /* HackerKit.h */,
				C8A407731EDA576500ED8135 /* Info.plist */,
				C8BF806D1EDA57FF00102112 /* R.generated.swift */,
			);
			path = HackerKit;
			sourceTree = "<group>";
		};
		C8A4077E1EDA576500ED8135 /* HackerKitTests */ = {
			isa = PBXGroup;
			children = (
				C8429ADD1EDA5A4500384268 /* Fixtures */,
				C8A407811EDA576500ED8135 /* Info.plist */,
				C8429AEC1EDA5B2300384268 /* MapperFromFile.swift */,
				C8429AEA1EDA5B0C00384268 /* R.generated.swift */,
			);
			path = HackerKitTests;
			sourceTree = "<group>";
		};
		C8BF807B1EDA581A00102112 /* Map */ = {
			isa = PBXGroup;
			children = (
				C8BF80661EDA57FF00102112 /* ConvertToOrderedSet.swift */,
				C8BF80671EDA57FF00102112 /* ExtractDate.swift */,
				C8BF806A1EDA57FF00102112 /* Map+Int32.swift */,
				C8BF806B1EDA57FF00102112 /* MappableArrayOfManagedObjects.swift */,
			);
			name = Map;
			sourceTree = "<group>";
		};
/* End PBXGroup section */

/* Begin PBXHeadersBuildPhase section */
		C8A4076D1EDA576500ED8135 /* Headers */ = {
			isa = PBXHeadersBuildPhase;
			buildActionMask = 2147483647;
			files = (
				C8A407821EDA576500ED8135 /* HackerKit.h in Headers */,
			);
			runOnlyForDeploymentPostprocessing = 0;
		};
/* End PBXHeadersBuildPhase section */

/* Begin PBXNativeTarget section */
		C891B77E1ED7B1C700249A53 /* Hacker */ = {
			isa = PBXNativeTarget;
			buildConfigurationList = C891B7AA1ED7B1C700249A53 /* Build configuration list for PBXNativeTarget "Hacker" */;
			buildPhases = (
				4188720B043E2CBDA51DECE8 /* [CP] Check Pods Manifest.lock */,
				9B237E997D10AEC68C3BF689 /* SwiftLint */,
				7AB4F3DAF92D4BFDE5FC7FA2 /* R.swift */,
				C891B77B1ED7B1C700249A53 /* Sources */,
				C891B77C1ED7B1C700249A53 /* Frameworks */,
				C891B77D1ED7B1C700249A53 /* Resources */,
				44B3A314E7811EA0CF0B57D4 /* [CP] Embed Pods Frameworks */,
				CF8D49A6DB9FB3B016EBBCA4 /* [CP] Copy Pods Resources */,
				C891B7D31ED7BAD300249A53 /* Embed Frameworks */,
				C85B421F1ED7DB770028BC9E /* Copy Compiled Models To Playground */,
			);
			buildRules = (
			);
			dependencies = (
				C8A407841EDA576500ED8135 /* PBXTargetDependency */,
			);
			name = Hacker;
			productName = Hacker;
			productReference = C891B77F1ED7B1C700249A53 /* Hacker.app */;
			productType = "com.apple.product-type.application";
		};
		C891B7951ED7B1C700249A53 /* HackerTests */ = {
			isa = PBXNativeTarget;
			buildConfigurationList = C891B7AD1ED7B1C700249A53 /* Build configuration list for PBXNativeTarget "HackerTests" */;
			buildPhases = (
				EB9B087B89021C829CDE3DE9 /* [CP] Check Pods Manifest.lock */,
				EE26D0FB5F9CA1782F6DCC1A /* SwiftLint */,
				AB8792A7708BD734179227F1 /* R.swift */,
				C891B7921ED7B1C700249A53 /* Sources */,
				C891B7931ED7B1C700249A53 /* Frameworks */,
				C891B7941ED7B1C700249A53 /* Resources */,
				C89EE2348F38908F5C3DB316 /* [CP] Embed Pods Frameworks */,
				E219D61E97B0069E6A95E72E /* [CP] Copy Pods Resources */,
			);
			buildRules = (
			);
			dependencies = (
				C891B7981ED7B1C700249A53 /* PBXTargetDependency */,
			);
			name = HackerTests;
			productName = HackerTests;
			productReference = C891B7961ED7B1C700249A53 /* HackerTests.xctest */;
			productType = "com.apple.product-type.bundle.unit-test";
		};
		C891B7A01ED7B1C700249A53 /* HackerUITests */ = {
			isa = PBXNativeTarget;
			buildConfigurationList = C891B7B01ED7B1C700249A53 /* Build configuration list for PBXNativeTarget "HackerUITests" */;
			buildPhases = (
				318B7A06D8113C0520B3FB08 /* [CP] Check Pods Manifest.lock */,
				D85BA0DD93F8652353E4B83F /* SwiftLint */,
				51AFDC00884CE1A73A9CCB37 /* R.swift */,
				C891B79D1ED7B1C700249A53 /* Sources */,
				C891B79E1ED7B1C700249A53 /* Frameworks */,
				C891B79F1ED7B1C700249A53 /* Resources */,
				B2614C9B0BBBFBB6AA19559C /* [CP] Embed Pods Frameworks */,
				5DF2EF34C52391BD87B28C73 /* [CP] Copy Pods Resources */,
			);
			buildRules = (
			);
			dependencies = (
				C891B7A31ED7B1C700249A53 /* PBXTargetDependency */,
			);
			name = HackerUITests;
			productName = HackerUITests;
			productReference = C891B7A11ED7B1C700249A53 /* HackerUITests.xctest */;
			productType = "com.apple.product-type.bundle.ui-testing";
		};
		C8A4076F1EDA576500ED8135 /* HackerKit */ = {
			isa = PBXNativeTarget;
			buildConfigurationList = C8A407871EDA576500ED8135 /* Build configuration list for PBXNativeTarget "HackerKit" */;
			buildPhases = (
				B11B563DA06F5BC5836EC371 /* [CP] Check Pods Manifest.lock */,
				3E60AE309DE3BE65C8230644 /* SwiftLint */,
				F31899501574C6CEEBB6FFD6 /* R.swift */,
				C8A4076B1EDA576500ED8135 /* Sources */,
				C8A4076C1EDA576500ED8135 /* Frameworks */,
				C8A4076D1EDA576500ED8135 /* Headers */,
				C8A4076E1EDA576500ED8135 /* Resources */,
				99DFE91148637E34C89D43F7 /* [CP] Copy Pods Resources */,
			);
			buildRules = (
			);
			dependencies = (
			);
			name = HackerKit;
			productName = HackerKit;
			productReference = C8A407701EDA576500ED8135 /* HackerKit.framework */;
			productType = "com.apple.product-type.framework";
		};
		C8A407771EDA576500ED8135 /* HackerKitTests */ = {
			isa = PBXNativeTarget;
			buildConfigurationList = C8A4078A1EDA576500ED8135 /* Build configuration list for PBXNativeTarget "HackerKitTests" */;
			buildPhases = (
				672F7A51238C5C3DEF00A466 /* [CP] Check Pods Manifest.lock */,
				FF5EC7E7F8C034ACFAE10CED /* SwiftLint */,
				953C1051DBBCB9793E1F9946 /* R.swift */,
				C8A407741EDA576500ED8135 /* Sources */,
				C8A407751EDA576500ED8135 /* Frameworks */,
				C8A407761EDA576500ED8135 /* Resources */,
				ADE70D16BDB48800AB2100B2 /* [CP] Embed Pods Frameworks */,
				BF2F274B5A0A73CDEF81BDEF /* [CP] Copy Pods Resources */,
			);
			buildRules = (
			);
			dependencies = (
				C8A4077B1EDA576500ED8135 /* PBXTargetDependency */,
				C8A4077D1EDA576500ED8135 /* PBXTargetDependency */,
			);
			name = HackerKitTests;
			productName = HackerKitTests;
			productReference = C8A407781EDA576500ED8135 /* HackerKitTests.xctest */;
			productType = "com.apple.product-type.bundle.unit-test";
		};
/* End PBXNativeTarget section */

/* Begin PBXProject section */
		C891B7771ED7B1C700249A53 /* Project object */ = {
			isa = PBXProject;
			attributes = {
				LastSwiftUpdateCheck = 0830;
				LastUpgradeCheck = 0830;
				ORGANIZATIONNAME = "Amit Jain";
				TargetAttributes = {
					C891B77E1ED7B1C700249A53 = {
						CreatedOnToolsVersion = 8.3.2;
						DevelopmentTeam = G98M8YL239;
						ProvisioningStyle = Automatic;
					};
					C891B7951ED7B1C700249A53 = {
						CreatedOnToolsVersion = 8.3.2;
						DevelopmentTeam = G98M8YL239;
						ProvisioningStyle = Automatic;
						TestTargetID = C891B77E1ED7B1C700249A53;
					};
					C891B7A01ED7B1C700249A53 = {
						CreatedOnToolsVersion = 8.3.2;
						DevelopmentTeam = G98M8YL239;
						ProvisioningStyle = Automatic;
						TestTargetID = C891B77E1ED7B1C700249A53;
					};
					C8A4076F1EDA576500ED8135 = {
						CreatedOnToolsVersion = 8.3.2;
						DevelopmentTeam = G98M8YL239;
						LastSwiftMigration = 0830;
						ProvisioningStyle = Automatic;
					};
					C8A407771EDA576500ED8135 = {
						CreatedOnToolsVersion = 8.3.2;
						DevelopmentTeam = 4L5QWS3UVB;
						LastSwiftMigration = 0830;
						ProvisioningStyle = Automatic;
						TestTargetID = C891B77E1ED7B1C700249A53;
					};
				};
			};
			buildConfigurationList = C891B77A1ED7B1C700249A53 /* Build configuration list for PBXProject "Hacker" */;
			compatibilityVersion = "Xcode 3.2";
			developmentRegion = English;
			hasScannedForEncodings = 0;
			knownRegions = (
				en,
				Base,
			);
			mainGroup = C891B7761ED7B1C700249A53;
			productRefGroup = C891B7801ED7B1C700249A53 /* Products */;
			projectDirPath = "";
			projectRoot = "";
			targets = (
				C891B77E1ED7B1C700249A53 /* Hacker */,
				C891B7951ED7B1C700249A53 /* HackerTests */,
				C891B7A01ED7B1C700249A53 /* HackerUITests */,
				C8A4076F1EDA576500ED8135 /* HackerKit */,
				C8A407771EDA576500ED8135 /* HackerKitTests */,
			);
		};
/* End PBXProject section */

/* Begin PBXResourcesBuildPhase section */
		C891B77D1ED7B1C700249A53 /* Resources */ = {
			isa = PBXResourcesBuildPhase;
			buildActionMask = 2147483647;
			files = (
				C891B7901ED7B1C700249A53 /* LaunchScreen.storyboard in Resources */,
				C891B78D1ED7B1C700249A53 /* Assets.xcassets in Resources */,
				C891B7881ED7B1C700249A53 /* Main.storyboard in Resources */,
			);
			runOnlyForDeploymentPostprocessing = 0;
		};
		C891B7941ED7B1C700249A53 /* Resources */ = {
			isa = PBXResourcesBuildPhase;
			buildActionMask = 2147483647;
			files = (
			);
			runOnlyForDeploymentPostprocessing = 0;
		};
		C891B79F1ED7B1C700249A53 /* Resources */ = {
			isa = PBXResourcesBuildPhase;
			buildActionMask = 2147483647;
			files = (
			);
			runOnlyForDeploymentPostprocessing = 0;
		};
		C8A4076E1EDA576500ED8135 /* Resources */ = {
			isa = PBXResourcesBuildPhase;
			buildActionMask = 2147483647;
			files = (
			);
			runOnlyForDeploymentPostprocessing = 0;
		};
		C8A407761EDA576500ED8135 /* Resources */ = {
			isa = PBXResourcesBuildPhase;
			buildActionMask = 2147483647;
			files = (
				C8429AE41EDA5A4500384268 /* fullStory.json in Resources */,
				C8429AE71EDA5A4500384268 /* storyWithNegativePoints.json in Resources */,
				C8429AE81EDA5A4500384268 /* storyWithoutID.json in Resources */,
				C8429AE91EDA5A4500384268 /* storyWithoutPoints.json in Resources */,
				C8429AE51EDA5A4500384268 /* story.json in Resources */,
				C8429AE61EDA5A4500384268 /* storyWithInvalidComment.json in Resources */,
			);
			runOnlyForDeploymentPostprocessing = 0;
		};
/* End PBXResourcesBuildPhase section */

/* Begin PBXShellScriptBuildPhase section */
		2858683783FF44A68EF7B712 /* SwiftLint */ = {
			isa = PBXShellScriptBuildPhase;
			buildActionMask = 2147483647;
			files = (
			);
			inputPaths = (
			);
			name = SwiftLint;
			outputPaths = (
			);
			runOnlyForDeploymentPostprocessing = 0;
			shellPath = /bin/sh;
			shellScript = "\"${PODS_ROOT}/SwiftLint/swiftlint\" autocorrect";
			showEnvVarsInLog = 1;
		};
		318B7A06D8113C0520B3FB08 /* [CP] Check Pods Manifest.lock */ = {
			isa = PBXShellScriptBuildPhase;
			buildActionMask = 2147483647;
			files = (
			);
			inputPaths = (
			);
			name = "[CP] Check Pods Manifest.lock";
			outputPaths = (
			);
			runOnlyForDeploymentPostprocessing = 0;
			shellPath = /bin/sh;
			shellScript = "diff \"${PODS_PODFILE_DIR_PATH}/Podfile.lock\" \"${PODS_ROOT}/Manifest.lock\" > /dev/null\nif [ $? != 0 ] ; then\n    # print error to STDERR\n    echo \"error: The sandbox is not in sync with the Podfile.lock. Run 'pod install' or update your CocoaPods installation.\" >&2\n    exit 1\nfi\n";
			showEnvVarsInLog = 0;
		};
		3E60AE309DE3BE65C8230644 /* SwiftLint */ = {
			isa = PBXShellScriptBuildPhase;
			buildActionMask = 2147483647;
			files = (
			);
			inputPaths = (
			);
			name = SwiftLint;
			outputPaths = (
			);
			runOnlyForDeploymentPostprocessing = 0;
			shellPath = /bin/sh;
			shellScript = "\"${PODS_ROOT}/SwiftLint/swiftlint\" autocorrect";
			showEnvVarsInLog = 1;
		};
		4188720B043E2CBDA51DECE8 /* [CP] Check Pods Manifest.lock */ = {
			isa = PBXShellScriptBuildPhase;
			buildActionMask = 2147483647;
			files = (
			);
			inputPaths = (
			);
			name = "[CP] Check Pods Manifest.lock";
			outputPaths = (
			);
			runOnlyForDeploymentPostprocessing = 0;
			shellPath = /bin/sh;
			shellScript = "diff \"${PODS_PODFILE_DIR_PATH}/Podfile.lock\" \"${PODS_ROOT}/Manifest.lock\" > /dev/null\nif [ $? != 0 ] ; then\n    # print error to STDERR\n    echo \"error: The sandbox is not in sync with the Podfile.lock. Run 'pod install' or update your CocoaPods installation.\" >&2\n    exit 1\nfi\n";
			showEnvVarsInLog = 0;
		};
		44B3A314E7811EA0CF0B57D4 /* [CP] Embed Pods Frameworks */ = {
			isa = PBXShellScriptBuildPhase;
			buildActionMask = 2147483647;
			files = (
			);
			inputPaths = (
			);
			name = "[CP] Embed Pods Frameworks";
			outputPaths = (
			);
			runOnlyForDeploymentPostprocessing = 0;
			shellPath = /bin/sh;
			shellScript = "\"${SRCROOT}/Pods/Target Support Files/Pods-Hacker/Pods-Hacker-frameworks.sh\"\n";
			showEnvVarsInLog = 0;
		};
		51AFDC00884CE1A73A9CCB37 /* R.swift */ = {
			isa = PBXShellScriptBuildPhase;
			buildActionMask = 2147483647;
			files = (
			);
			inputPaths = (
			);
			name = R.swift;
			outputPaths = (
			);
			runOnlyForDeploymentPostprocessing = 0;
			shellPath = /bin/sh;
			shellScript = "\"$PODS_ROOT/R.swift/rswift\" \"$SRCROOT/HackerUITests/\"";
			showEnvVarsInLog = 1;
		};
		5DF2EF34C52391BD87B28C73 /* [CP] Copy Pods Resources */ = {
			isa = PBXShellScriptBuildPhase;
			buildActionMask = 2147483647;
			files = (
			);
			inputPaths = (
			);
			name = "[CP] Copy Pods Resources";
			outputPaths = (
			);
			runOnlyForDeploymentPostprocessing = 0;
			shellPath = /bin/sh;
			shellScript = "\"${SRCROOT}/Pods/Target Support Files/Pods-HackerUITests/Pods-HackerUITests-resources.sh\"\n";
			showEnvVarsInLog = 0;
		};
		650EF6631E0A2A9968CB1FBD /* SwiftLint */ = {
			isa = PBXShellScriptBuildPhase;
			buildActionMask = 2147483647;
			files = (
			);
			inputPaths = (
			);
			name = SwiftLint;
			outputPaths = (
			);
			runOnlyForDeploymentPostprocessing = 0;
			shellPath = /bin/sh;
			shellScript = "\"${PODS_ROOT}/SwiftLint/swiftlint\" autocorrect";
			showEnvVarsInLog = 1;
		};
		672F7A51238C5C3DEF00A466 /* [CP] Check Pods Manifest.lock */ = {
			isa = PBXShellScriptBuildPhase;
			buildActionMask = 2147483647;
			files = (
			);
			inputPaths = (
			);
			name = "[CP] Check Pods Manifest.lock";
			outputPaths = (
			);
			runOnlyForDeploymentPostprocessing = 0;
			shellPath = /bin/sh;
			shellScript = "diff \"${PODS_PODFILE_DIR_PATH}/Podfile.lock\" \"${PODS_ROOT}/Manifest.lock\" > /dev/null\nif [ $? != 0 ] ; then\n    # print error to STDERR\n    echo \"error: The sandbox is not in sync with the Podfile.lock. Run 'pod install' or update your CocoaPods installation.\" >&2\n    exit 1\nfi\n";
			showEnvVarsInLog = 0;
		};
		7AB4F3DAF92D4BFDE5FC7FA2 /* R.swift */ = {
			isa = PBXShellScriptBuildPhase;
			buildActionMask = 2147483647;
			files = (
			);
			inputPaths = (
			);
			name = R.swift;
			outputPaths = (
			);
			runOnlyForDeploymentPostprocessing = 0;
			shellPath = /bin/sh;
			shellScript = "\"$PODS_ROOT/R.swift/rswift\" \"$SRCROOT/Hacker/\"";
			showEnvVarsInLog = 1;
		};
		83ED420D6998EFDDC171EB9C /* R.swift */ = {
			isa = PBXShellScriptBuildPhase;
			buildActionMask = 2147483647;
			files = (
			);
			inputPaths = (
			);
			name = R.swift;
			outputPaths = (
			);
			runOnlyForDeploymentPostprocessing = 0;
			shellPath = /bin/sh;
			shellScript = "\"$PODS_ROOT/R.swift/rswift\" \"$SRCROOT/HackerKit/\"";
			showEnvVarsInLog = 1;
		};
		88BCF52CB9B127C22BDCEF12 /* R.swift */ = {
			isa = PBXShellScriptBuildPhase;
			buildActionMask = 2147483647;
			files = (
			);
			inputPaths = (
			);
			name = R.swift;
			outputPaths = (
			);
			runOnlyForDeploymentPostprocessing = 0;
			shellPath = /bin/sh;
			shellScript = "\"$PODS_ROOT/R.swift/rswift\" \"$SRCROOT/Hacker/\"";
			showEnvVarsInLog = 1;
		};
		953C1051DBBCB9793E1F9946 /* R.swift */ = {
			isa = PBXShellScriptBuildPhase;
			buildActionMask = 2147483647;
			files = (
			);
			inputPaths = (
			);
			name = R.swift;
			outputPaths = (
			);
			runOnlyForDeploymentPostprocessing = 0;
			shellPath = /bin/sh;
			shellScript = "\"$PODS_ROOT/R.swift/rswift\" \"$SRCROOT/HackerKitTests/\"";
			showEnvVarsInLog = 1;
		};
		99DFE91148637E34C89D43F7 /* [CP] Copy Pods Resources */ = {
			isa = PBXShellScriptBuildPhase;
			buildActionMask = 2147483647;
			files = (
			);
			inputPaths = (
			);
			name = "[CP] Copy Pods Resources";
			outputPaths = (
			);
			runOnlyForDeploymentPostprocessing = 0;
			shellPath = /bin/sh;
			shellScript = "\"${SRCROOT}/Pods/Target Support Files/Pods-HackerKit/Pods-HackerKit-resources.sh\"\n";
			showEnvVarsInLog = 0;
		};
		9B237E997D10AEC68C3BF689 /* SwiftLint */ = {
			isa = PBXShellScriptBuildPhase;
			buildActionMask = 2147483647;
			files = (
			);
			inputPaths = (
			);
			name = SwiftLint;
			outputPaths = (
			);
			runOnlyForDeploymentPostprocessing = 0;
			shellPath = /bin/sh;
			shellScript = "\"${PODS_ROOT}/SwiftLint/swiftlint\" autocorrect";
			showEnvVarsInLog = 1;
		};
		9C898286301EBA59C7F8E378 /* R.swift */ = {
			isa = PBXShellScriptBuildPhase;
			buildActionMask = 2147483647;
			files = (
			);
			inputPaths = (
			);
			name = R.swift;
			outputPaths = (
			);
			runOnlyForDeploymentPostprocessing = 0;
			shellPath = /bin/sh;
			shellScript = "\"$PODS_ROOT/R.swift/rswift\" \"$SRCROOT/HackerTests/\"";
			showEnvVarsInLog = 1;
		};
		AB0A5894144316B03246FB6C /* SwiftLint */ = {
			isa = PBXShellScriptBuildPhase;
			buildActionMask = 2147483647;
			files = (
			);
			inputPaths = (
			);
			name = SwiftLint;
			outputPaths = (
			);
			runOnlyForDeploymentPostprocessing = 0;
			shellPath = /bin/sh;
			shellScript = "\"${PODS_ROOT}/SwiftLint/swiftlint\" autocorrect";
			showEnvVarsInLog = 1;
		};
		AB8792A7708BD734179227F1 /* R.swift */ = {
			isa = PBXShellScriptBuildPhase;
			buildActionMask = 2147483647;
			files = (
			);
			inputPaths = (
			);
			name = R.swift;
			outputPaths = (
			);
			runOnlyForDeploymentPostprocessing = 0;
			shellPath = /bin/sh;
			shellScript = "\"$PODS_ROOT/R.swift/rswift\" \"$SRCROOT/HackerTests/\"";
			showEnvVarsInLog = 1;
		};
		ADE70D16BDB48800AB2100B2 /* [CP] Embed Pods Frameworks */ = {
			isa = PBXShellScriptBuildPhase;
			buildActionMask = 2147483647;
			files = (
			);
			inputPaths = (
			);
			name = "[CP] Embed Pods Frameworks";
			outputPaths = (
			);
			runOnlyForDeploymentPostprocessing = 0;
			shellPath = /bin/sh;
			shellScript = "\"${SRCROOT}/Pods/Target Support Files/Pods-HackerKitTests/Pods-HackerKitTests-frameworks.sh\"\n";
			showEnvVarsInLog = 0;
		};
		B11B563DA06F5BC5836EC371 /* [CP] Check Pods Manifest.lock */ = {
			isa = PBXShellScriptBuildPhase;
			buildActionMask = 2147483647;
			files = (
			);
			inputPaths = (
			);
			name = "[CP] Check Pods Manifest.lock";
			outputPaths = (
			);
			runOnlyForDeploymentPostprocessing = 0;
			shellPath = /bin/sh;
			shellScript = "diff \"${PODS_PODFILE_DIR_PATH}/Podfile.lock\" \"${PODS_ROOT}/Manifest.lock\" > /dev/null\nif [ $? != 0 ] ; then\n    # print error to STDERR\n    echo \"error: The sandbox is not in sync with the Podfile.lock. Run 'pod install' or update your CocoaPods installation.\" >&2\n    exit 1\nfi\n";
			showEnvVarsInLog = 0;
		};
		B2614C9B0BBBFBB6AA19559C /* [CP] Embed Pods Frameworks */ = {
			isa = PBXShellScriptBuildPhase;
			buildActionMask = 2147483647;
			files = (
			);
			inputPaths = (
			);
			name = "[CP] Embed Pods Frameworks";
			outputPaths = (
			);
			runOnlyForDeploymentPostprocessing = 0;
			shellPath = /bin/sh;
			shellScript = "\"${SRCROOT}/Pods/Target Support Files/Pods-HackerUITests/Pods-HackerUITests-frameworks.sh\"\n";
			showEnvVarsInLog = 0;
		};
		BF2F274B5A0A73CDEF81BDEF /* [CP] Copy Pods Resources */ = {
			isa = PBXShellScriptBuildPhase;
			buildActionMask = 2147483647;
			files = (
			);
			inputPaths = (
			);
			name = "[CP] Copy Pods Resources";
			outputPaths = (
			);
			runOnlyForDeploymentPostprocessing = 0;
			shellPath = /bin/sh;
			shellScript = "\"${SRCROOT}/Pods/Target Support Files/Pods-HackerKitTests/Pods-HackerKitTests-resources.sh\"\n";
			showEnvVarsInLog = 0;
		};
		C85B421F1ED7DB770028BC9E /* Copy Compiled Models To Playground */ = {
			isa = PBXShellScriptBuildPhase;
			buildActionMask = 2147483647;
			files = (
			);
			inputPaths = (
			);
			name = "Copy Compiled Models To Playground";
			outputPaths = (
			);
			runOnlyForDeploymentPostprocessing = 0;
			shellPath = /bin/sh;
			shellScript = "cp -r /Users/gravicle/Library/Developer/Xcode/DerivedData/Build/Products/Debug-iphonesimulator/Hacker.app/Frameworks/HackerKit.framework/Hacker.momd ${SRCROOT}/Hacker/Staging.playground/Resources";
		};
		C89EE2348F38908F5C3DB316 /* [CP] Embed Pods Frameworks */ = {
			isa = PBXShellScriptBuildPhase;
			buildActionMask = 2147483647;
			files = (
			);
			inputPaths = (
			);
			name = "[CP] Embed Pods Frameworks";
			outputPaths = (
			);
			runOnlyForDeploymentPostprocessing = 0;
			shellPath = /bin/sh;
			shellScript = "\"${SRCROOT}/Pods/Target Support Files/Pods-HackerTests/Pods-HackerTests-frameworks.sh\"\n";
			showEnvVarsInLog = 0;
		};
		CF8D49A6DB9FB3B016EBBCA4 /* [CP] Copy Pods Resources */ = {
			isa = PBXShellScriptBuildPhase;
			buildActionMask = 2147483647;
			files = (
			);
			inputPaths = (
			);
			name = "[CP] Copy Pods Resources";
			outputPaths = (
			);
			runOnlyForDeploymentPostprocessing = 0;
			shellPath = /bin/sh;
			shellScript = "\"${SRCROOT}/Pods/Target Support Files/Pods-Hacker/Pods-Hacker-resources.sh\"\n";
			showEnvVarsInLog = 0;
		};
		D51FB28A5369C1B8EC50D2A5 /* SwiftLint */ = {
			isa = PBXShellScriptBuildPhase;
			buildActionMask = 2147483647;
			files = (
			);
			inputPaths = (
			);
			name = SwiftLint;
			outputPaths = (
			);
			runOnlyForDeploymentPostprocessing = 0;
			shellPath = /bin/sh;
			shellScript = "\"${PODS_ROOT}/SwiftLint/swiftlint\" autocorrect";
			showEnvVarsInLog = 1;
		};
		D7273BD542C144EC0335294E /* SwiftLint */ = {
			isa = PBXShellScriptBuildPhase;
			buildActionMask = 2147483647;
			files = (
			);
			inputPaths = (
			);
			name = SwiftLint;
			outputPaths = (
			);
			runOnlyForDeploymentPostprocessing = 0;
			shellPath = /bin/sh;
			shellScript = "\"${PODS_ROOT}/SwiftLint/swiftlint\" autocorrect";
			showEnvVarsInLog = 1;
		};
		D85BA0DD93F8652353E4B83F /* SwiftLint */ = {
			isa = PBXShellScriptBuildPhase;
			buildActionMask = 2147483647;
			files = (
			);
			inputPaths = (
			);
			name = SwiftLint;
			outputPaths = (
			);
			runOnlyForDeploymentPostprocessing = 0;
			shellPath = /bin/sh;
			shellScript = "\"${PODS_ROOT}/SwiftLint/swiftlint\" autocorrect";
			showEnvVarsInLog = 1;
		};
		DC820F1126AC95C84F407E2B /* R.swift */ = {
			isa = PBXShellScriptBuildPhase;
			buildActionMask = 2147483647;
			files = (
			);
			inputPaths = (
			);
			name = R.swift;
			outputPaths = (
			);
			runOnlyForDeploymentPostprocessing = 0;
			shellPath = /bin/sh;
			shellScript = "\"$PODS_ROOT/R.swift/rswift\" \"$SRCROOT/HackerKitTests/\"";
			showEnvVarsInLog = 1;
		};
		E219D61E97B0069E6A95E72E /* [CP] Copy Pods Resources */ = {
			isa = PBXShellScriptBuildPhase;
			buildActionMask = 2147483647;
			files = (
			);
			inputPaths = (
			);
			name = "[CP] Copy Pods Resources";
			outputPaths = (
			);
			runOnlyForDeploymentPostprocessing = 0;
			shellPath = /bin/sh;
			shellScript = "\"${SRCROOT}/Pods/Target Support Files/Pods-HackerTests/Pods-HackerTests-resources.sh\"\n";
			showEnvVarsInLog = 0;
		};
		EB9B087B89021C829CDE3DE9 /* [CP] Check Pods Manifest.lock */ = {
			isa = PBXShellScriptBuildPhase;
			buildActionMask = 2147483647;
			files = (
			);
			inputPaths = (
			);
			name = "[CP] Check Pods Manifest.lock";
			outputPaths = (
			);
			runOnlyForDeploymentPostprocessing = 0;
			shellPath = /bin/sh;
			shellScript = "diff \"${PODS_PODFILE_DIR_PATH}/Podfile.lock\" \"${PODS_ROOT}/Manifest.lock\" > /dev/null\nif [ $? != 0 ] ; then\n    # print error to STDERR\n    echo \"error: The sandbox is not in sync with the Podfile.lock. Run 'pod install' or update your CocoaPods installation.\" >&2\n    exit 1\nfi\n";
			showEnvVarsInLog = 0;
		};
		ED2E5F34D3C6972BD84F5D85 /* R.swift */ = {
			isa = PBXShellScriptBuildPhase;
			buildActionMask = 2147483647;
			files = (
			);
			inputPaths = (
			);
			name = R.swift;
			outputPaths = (
			);
			runOnlyForDeploymentPostprocessing = 0;
			shellPath = /bin/sh;
			shellScript = "\"$PODS_ROOT/R.swift/rswift\" \"$SRCROOT/HackerUITests/\"";
			showEnvVarsInLog = 1;
		};
		EE26D0FB5F9CA1782F6DCC1A /* SwiftLint */ = {
			isa = PBXShellScriptBuildPhase;
			buildActionMask = 2147483647;
			files = (
			);
			inputPaths = (
			);
			name = SwiftLint;
			outputPaths = (
			);
			runOnlyForDeploymentPostprocessing = 0;
			shellPath = /bin/sh;
			shellScript = "\"${PODS_ROOT}/SwiftLint/swiftlint\" autocorrect";
			showEnvVarsInLog = 1;
		};
		F31899501574C6CEEBB6FFD6 /* R.swift */ = {
			isa = PBXShellScriptBuildPhase;
			buildActionMask = 2147483647;
			files = (
			);
			inputPaths = (
			);
			name = R.swift;
			outputPaths = (
			);
			runOnlyForDeploymentPostprocessing = 0;
			shellPath = /bin/sh;
			shellScript = "\"$PODS_ROOT/R.swift/rswift\" \"$SRCROOT/HackerKit/\"";
			showEnvVarsInLog = 1;
		};
		FF5EC7E7F8C034ACFAE10CED /* SwiftLint */ = {
			isa = PBXShellScriptBuildPhase;
			buildActionMask = 2147483647;
			files = (
			);
			inputPaths = (
			);
			name = SwiftLint;
			outputPaths = (
			);
			runOnlyForDeploymentPostprocessing = 0;
			shellPath = /bin/sh;
			shellScript = "\"${PODS_ROOT}/SwiftLint/swiftlint\" autocorrect";
			showEnvVarsInLog = 1;
		};
/* End PBXShellScriptBuildPhase section */

/* Begin PBXSourcesBuildPhase section */
		C891B77B1ED7B1C700249A53 /* Sources */ = {
			isa = PBXSourcesBuildPhase;
			buildActionMask = 2147483647;
			files = (
				C891B7851ED7B1C700249A53 /* ViewController.swift in Sources */,
				C891B7831ED7B1C700249A53 /* AppDelegate.swift in Sources */,
			);
			runOnlyForDeploymentPostprocessing = 0;
		};
		C891B7921ED7B1C700249A53 /* Sources */ = {
			isa = PBXSourcesBuildPhase;
			buildActionMask = 2147483647;
			files = (
			);
			runOnlyForDeploymentPostprocessing = 0;
		};
		C891B79D1ED7B1C700249A53 /* Sources */ = {
			isa = PBXSourcesBuildPhase;
			buildActionMask = 2147483647;
			files = (
			);
			runOnlyForDeploymentPostprocessing = 0;
		};
		C8A4076B1EDA576500ED8135 /* Sources */ = {
			isa = PBXSourcesBuildPhase;
			buildActionMask = 2147483647;
			files = (
				C8429AF91EDA5E3100384268 /* Network.swift in Sources */,
				C8BF80721EDA57FF00102112 /* Item.swift in Sources */,
				C8BF80751EDA57FF00102112 /* MappableArrayOfManagedObjects.swift in Sources */,
				C8BF80741EDA57FF00102112 /* Map+Int32.swift in Sources */,
				C8BF80771EDA57FF00102112 /* R.generated.swift in Sources */,
				C8429AFD1EDAABDF00384268 /* Parameters.swift in Sources */,
				C8429AFB1EDAA6BD00384268 /* HNRequest.swift in Sources */,
				C8429AF21EDA5BF600384268 /* Request.swift in Sources */,
				C8BF80731EDA57FF00102112 /* JSONDecodable.swift in Sources */,
				C8BF807E1EDA58C700102112 /* Hacker.xcdatamodeld in Sources */,
				C8BF80711EDA57FF00102112 /* ExtractDate.swift in Sources */,
				C8BF806F1EDA57FF00102112 /* Comment.swift in Sources */,
				C8BF80701EDA57FF00102112 /* ConvertToOrderedSet.swift in Sources */,
				C8429AF51EDA5C4400384268 /* API.swift in Sources */,
				C8BF80781EDA57FF00102112 /* Story.swift in Sources */,
			);
			runOnlyForDeploymentPostprocessing = 0;
		};
		C8A407741EDA576500ED8135 /* Sources */ = {
			isa = PBXSourcesBuildPhase;
			buildActionMask = 2147483647;
			files = (
				C8429AFF1EDAAEE500384268 /* RequestTests.swift in Sources */,
				C8BF807A1EDA580C00102112 /* StoryTests.swift in Sources */,
				C8710B871EDAB6BE005D74FF /* NetworkTests.swift in Sources */,
				C8429AEB1EDA5B0C00384268 /* R.generated.swift in Sources */,
				C8429AED1EDA5B2300384268 /* MapperFromFile.swift in Sources */,
			);
			runOnlyForDeploymentPostprocessing = 0;
		};
/* End PBXSourcesBuildPhase section */

/* Begin PBXTargetDependency section */
		C891B7981ED7B1C700249A53 /* PBXTargetDependency */ = {
			isa = PBXTargetDependency;
			target = C891B77E1ED7B1C700249A53 /* Hacker */;
			targetProxy = C891B7971ED7B1C700249A53 /* PBXContainerItemProxy */;
		};
		C891B7A31ED7B1C700249A53 /* PBXTargetDependency */ = {
			isa = PBXTargetDependency;
			target = C891B77E1ED7B1C700249A53 /* Hacker */;
			targetProxy = C891B7A21ED7B1C700249A53 /* PBXContainerItemProxy */;
		};
		C8A4077B1EDA576500ED8135 /* PBXTargetDependency */ = {
			isa = PBXTargetDependency;
			target = C8A4076F1EDA576500ED8135 /* HackerKit */;
			targetProxy = C8A4077A1EDA576500ED8135 /* PBXContainerItemProxy */;
		};
		C8A4077D1EDA576500ED8135 /* PBXTargetDependency */ = {
			isa = PBXTargetDependency;
			target = C891B77E1ED7B1C700249A53 /* Hacker */;
			targetProxy = C8A4077C1EDA576500ED8135 /* PBXContainerItemProxy */;
		};
		C8A407841EDA576500ED8135 /* PBXTargetDependency */ = {
			isa = PBXTargetDependency;
			target = C8A4076F1EDA576500ED8135 /* HackerKit */;
			targetProxy = C8A407831EDA576500ED8135 /* PBXContainerItemProxy */;
		};
/* End PBXTargetDependency section */

/* Begin PBXVariantGroup section */
		C891B7861ED7B1C700249A53 /* Main.storyboard */ = {
			isa = PBXVariantGroup;
			children = (
				C891B7871ED7B1C700249A53 /* Base */,
			);
			name = Main.storyboard;
			sourceTree = "<group>";
		};
		C891B78E1ED7B1C700249A53 /* LaunchScreen.storyboard */ = {
			isa = PBXVariantGroup;
			children = (
				C891B78F1ED7B1C700249A53 /* Base */,
			);
			name = LaunchScreen.storyboard;
			sourceTree = "<group>";
		};
/* End PBXVariantGroup section */

/* Begin XCBuildConfiguration section */
		C891B7A81ED7B1C700249A53 /* Debug */ = {
			isa = XCBuildConfiguration;
			buildSettings = {
				ALWAYS_SEARCH_USER_PATHS = NO;
				CLANG_ANALYZER_NONNULL = YES;
				CLANG_ANALYZER_NUMBER_OBJECT_CONVERSION = YES_AGGRESSIVE;
				CLANG_CXX_LANGUAGE_STANDARD = "gnu++0x";
				CLANG_CXX_LIBRARY = "libc++";
				CLANG_ENABLE_MODULES = YES;
				CLANG_ENABLE_OBJC_ARC = YES;
				CLANG_WARN_BOOL_CONVERSION = YES;
				CLANG_WARN_CONSTANT_CONVERSION = YES;
				CLANG_WARN_DIRECT_OBJC_ISA_USAGE = YES_ERROR;
				CLANG_WARN_DOCUMENTATION_COMMENTS = YES;
				CLANG_WARN_EMPTY_BODY = YES;
				CLANG_WARN_ENUM_CONVERSION = YES;
				CLANG_WARN_INFINITE_RECURSION = YES;
				CLANG_WARN_INT_CONVERSION = YES;
				CLANG_WARN_OBJC_ROOT_CLASS = YES_ERROR;
				CLANG_WARN_SUSPICIOUS_MOVE = YES;
				CLANG_WARN_UNREACHABLE_CODE = YES;
				CLANG_WARN__DUPLICATE_METHOD_MATCH = YES;
				"CODE_SIGN_IDENTITY[sdk=iphoneos*]" = "iPhone Developer";
				COPY_PHASE_STRIP = NO;
				DEBUG_INFORMATION_FORMAT = dwarf;
				ENABLE_STRICT_OBJC_MSGSEND = YES;
				ENABLE_TESTABILITY = YES;
				GCC_C_LANGUAGE_STANDARD = gnu99;
				GCC_DYNAMIC_NO_PIC = NO;
				GCC_NO_COMMON_BLOCKS = YES;
				GCC_OPTIMIZATION_LEVEL = 0;
				GCC_PREPROCESSOR_DEFINITIONS = (
					"DEBUG=1",
					"$(inherited)",
				);
				GCC_WARN_64_TO_32_BIT_CONVERSION = YES;
				GCC_WARN_ABOUT_RETURN_TYPE = YES_ERROR;
				GCC_WARN_UNDECLARED_SELECTOR = YES;
				GCC_WARN_UNINITIALIZED_AUTOS = YES_AGGRESSIVE;
				GCC_WARN_UNUSED_FUNCTION = YES;
				GCC_WARN_UNUSED_VARIABLE = YES;
				IPHONEOS_DEPLOYMENT_TARGET = 10.3;
				MTL_ENABLE_DEBUG_INFO = YES;
				ONLY_ACTIVE_ARCH = YES;
				SDKROOT = iphoneos;
				SWIFT_ACTIVE_COMPILATION_CONDITIONS = DEBUG;
				SWIFT_OPTIMIZATION_LEVEL = "-Onone";
				TARGETED_DEVICE_FAMILY = "1,2";
			};
			name = Debug;
		};
		C891B7A91ED7B1C700249A53 /* Release */ = {
			isa = XCBuildConfiguration;
			buildSettings = {
				ALWAYS_SEARCH_USER_PATHS = NO;
				CLANG_ANALYZER_NONNULL = YES;
				CLANG_ANALYZER_NUMBER_OBJECT_CONVERSION = YES_AGGRESSIVE;
				CLANG_CXX_LANGUAGE_STANDARD = "gnu++0x";
				CLANG_CXX_LIBRARY = "libc++";
				CLANG_ENABLE_MODULES = YES;
				CLANG_ENABLE_OBJC_ARC = YES;
				CLANG_WARN_BOOL_CONVERSION = YES;
				CLANG_WARN_CONSTANT_CONVERSION = YES;
				CLANG_WARN_DIRECT_OBJC_ISA_USAGE = YES_ERROR;
				CLANG_WARN_DOCUMENTATION_COMMENTS = YES;
				CLANG_WARN_EMPTY_BODY = YES;
				CLANG_WARN_ENUM_CONVERSION = YES;
				CLANG_WARN_INFINITE_RECURSION = YES;
				CLANG_WARN_INT_CONVERSION = YES;
				CLANG_WARN_OBJC_ROOT_CLASS = YES_ERROR;
				CLANG_WARN_SUSPICIOUS_MOVE = YES;
				CLANG_WARN_UNREACHABLE_CODE = YES;
				CLANG_WARN__DUPLICATE_METHOD_MATCH = YES;
				"CODE_SIGN_IDENTITY[sdk=iphoneos*]" = "iPhone Developer";
				COPY_PHASE_STRIP = NO;
				DEBUG_INFORMATION_FORMAT = "dwarf-with-dsym";
				ENABLE_NS_ASSERTIONS = NO;
				ENABLE_STRICT_OBJC_MSGSEND = YES;
				GCC_C_LANGUAGE_STANDARD = gnu99;
				GCC_NO_COMMON_BLOCKS = YES;
				GCC_WARN_64_TO_32_BIT_CONVERSION = YES;
				GCC_WARN_ABOUT_RETURN_TYPE = YES_ERROR;
				GCC_WARN_UNDECLARED_SELECTOR = YES;
				GCC_WARN_UNINITIALIZED_AUTOS = YES_AGGRESSIVE;
				GCC_WARN_UNUSED_FUNCTION = YES;
				GCC_WARN_UNUSED_VARIABLE = YES;
				IPHONEOS_DEPLOYMENT_TARGET = 10.3;
				MTL_ENABLE_DEBUG_INFO = NO;
				SDKROOT = iphoneos;
				SWIFT_OPTIMIZATION_LEVEL = "-Owholemodule";
				TARGETED_DEVICE_FAMILY = "1,2";
				VALIDATE_PRODUCT = YES;
			};
			name = Release;
		};
		C891B7AB1ED7B1C700249A53 /* Debug */ = {
			isa = XCBuildConfiguration;
			baseConfigurationReference = CD937BF60F565FD25B811837 /* Pods-Hacker.debug.xcconfig */;
			buildSettings = {
				ALWAYS_EMBED_SWIFT_STANDARD_LIBRARIES = YES;
				ASSETCATALOG_COMPILER_APPICON_NAME = AppIcon;
				DEVELOPMENT_TEAM = G98M8YL239;
				INFOPLIST_FILE = Hacker/Info.plist;
				LD_RUNPATH_SEARCH_PATHS = "$(inherited) @executable_path/Frameworks";
				PRODUCT_BUNDLE_IDENTIFIER = me.amitjain.Hacker;
				PRODUCT_NAME = "$(TARGET_NAME)";
				SWIFT_OPTIMIZATION_LEVEL = "-Onone";
				SWIFT_VERSION = 3.0;
				SWIFT_WHOLE_MODULE_OPTIMIZATION = YES;
			};
			name = Debug;
		};
		C891B7AC1ED7B1C700249A53 /* Release */ = {
			isa = XCBuildConfiguration;
			baseConfigurationReference = C7FC443930D091656B89ED70 /* Pods-Hacker.release.xcconfig */;
			buildSettings = {
				ALWAYS_EMBED_SWIFT_STANDARD_LIBRARIES = YES;
				ASSETCATALOG_COMPILER_APPICON_NAME = AppIcon;
				DEVELOPMENT_TEAM = G98M8YL239;
				INFOPLIST_FILE = Hacker/Info.plist;
				LD_RUNPATH_SEARCH_PATHS = "$(inherited) @executable_path/Frameworks";
				PRODUCT_BUNDLE_IDENTIFIER = me.amitjain.Hacker;
				PRODUCT_NAME = "$(TARGET_NAME)";
				SWIFT_OPTIMIZATION_LEVEL = "-Owholemodule";
				SWIFT_VERSION = 3.0;
				SWIFT_WHOLE_MODULE_OPTIMIZATION = YES;
			};
			name = Release;
		};
		C891B7AE1ED7B1C700249A53 /* Debug */ = {
			isa = XCBuildConfiguration;
			baseConfigurationReference = 5157B04032B9087ACC9C8DD1 /* Pods-HackerTests.debug.xcconfig */;
			buildSettings = {
				ALWAYS_EMBED_SWIFT_STANDARD_LIBRARIES = YES;
				BUNDLE_LOADER = "$(TEST_HOST)";
				DEVELOPMENT_TEAM = G98M8YL239;
				INFOPLIST_FILE = HackerTests/Info.plist;
				LD_RUNPATH_SEARCH_PATHS = "$(inherited) @executable_path/Frameworks @loader_path/Frameworks";
				PRODUCT_BUNDLE_IDENTIFIER = me.amitjain.HackerTests;
				PRODUCT_NAME = "$(TARGET_NAME)";
				SWIFT_OPTIMIZATION_LEVEL = "-Onone";
				SWIFT_VERSION = 3.0;
				SWIFT_WHOLE_MODULE_OPTIMIZATION = YES;
				TEST_HOST = "$(BUILT_PRODUCTS_DIR)/Hacker.app/Hacker";
			};
			name = Debug;
		};
		C891B7AF1ED7B1C700249A53 /* Release */ = {
			isa = XCBuildConfiguration;
			baseConfigurationReference = 45F1D13A99DF51B93D0FC84F /* Pods-HackerTests.release.xcconfig */;
			buildSettings = {
				ALWAYS_EMBED_SWIFT_STANDARD_LIBRARIES = YES;
				BUNDLE_LOADER = "$(TEST_HOST)";
				DEVELOPMENT_TEAM = G98M8YL239;
				INFOPLIST_FILE = HackerTests/Info.plist;
				LD_RUNPATH_SEARCH_PATHS = "$(inherited) @executable_path/Frameworks @loader_path/Frameworks";
				PRODUCT_BUNDLE_IDENTIFIER = me.amitjain.HackerTests;
				PRODUCT_NAME = "$(TARGET_NAME)";
				SWIFT_OPTIMIZATION_LEVEL = "-Owholemodule";
				SWIFT_VERSION = 3.0;
				SWIFT_WHOLE_MODULE_OPTIMIZATION = YES;
				TEST_HOST = "$(BUILT_PRODUCTS_DIR)/Hacker.app/Hacker";
			};
			name = Release;
		};
		C891B7B11ED7B1C700249A53 /* Debug */ = {
			isa = XCBuildConfiguration;
			baseConfigurationReference = 1F73BD8086BC8F2DD4E8B304 /* Pods-HackerUITests.debug.xcconfig */;
			buildSettings = {
				ALWAYS_EMBED_SWIFT_STANDARD_LIBRARIES = YES;
				DEVELOPMENT_TEAM = G98M8YL239;
				INFOPLIST_FILE = HackerUITests/Info.plist;
				LD_RUNPATH_SEARCH_PATHS = "$(inherited) @executable_path/Frameworks @loader_path/Frameworks";
				PRODUCT_BUNDLE_IDENTIFIER = me.amitjain.HackerUITests;
				PRODUCT_NAME = "$(TARGET_NAME)";
				SWIFT_OPTIMIZATION_LEVEL = "-Onone";
				SWIFT_VERSION = 3.0;
				SWIFT_WHOLE_MODULE_OPTIMIZATION = YES;
				TEST_TARGET_NAME = Hacker;
			};
			name = Debug;
		};
		C891B7B21ED7B1C700249A53 /* Release */ = {
			isa = XCBuildConfiguration;
			baseConfigurationReference = E18A157E4F1729694B457554 /* Pods-HackerUITests.release.xcconfig */;
			buildSettings = {
				ALWAYS_EMBED_SWIFT_STANDARD_LIBRARIES = YES;
				DEVELOPMENT_TEAM = G98M8YL239;
				INFOPLIST_FILE = HackerUITests/Info.plist;
				LD_RUNPATH_SEARCH_PATHS = "$(inherited) @executable_path/Frameworks @loader_path/Frameworks";
				PRODUCT_BUNDLE_IDENTIFIER = me.amitjain.HackerUITests;
				PRODUCT_NAME = "$(TARGET_NAME)";
				SWIFT_OPTIMIZATION_LEVEL = "-Owholemodule";
				SWIFT_VERSION = 3.0;
				SWIFT_WHOLE_MODULE_OPTIMIZATION = YES;
				TEST_TARGET_NAME = Hacker;
			};
			name = Release;
		};
		C8A407881EDA576500ED8135 /* Debug */ = {
			isa = XCBuildConfiguration;
			baseConfigurationReference = FB6EC6C958C16E4AFF0AE672 /* Pods-HackerKit.debug.xcconfig */;
			buildSettings = {
				CLANG_ENABLE_MODULES = YES;
				CODE_SIGN_IDENTITY = "";
				CURRENT_PROJECT_VERSION = 1;
				DEFINES_MODULE = YES;
				DEVELOPMENT_TEAM = G98M8YL239;
				DYLIB_COMPATIBILITY_VERSION = 1;
				DYLIB_CURRENT_VERSION = 1;
				DYLIB_INSTALL_NAME_BASE = "@rpath";
				INFOPLIST_FILE = HackerKit/Info.plist;
				INSTALL_PATH = "$(LOCAL_LIBRARY_DIR)/Frameworks";
				LD_RUNPATH_SEARCH_PATHS = "$(inherited) @executable_path/Frameworks @loader_path/Frameworks";
				PRODUCT_BUNDLE_IDENTIFIER = me.amitjain.HackerKit;
				PRODUCT_NAME = "$(TARGET_NAME)";
				SKIP_INSTALL = YES;
				SWIFT_OPTIMIZATION_LEVEL = "-Onone";
				SWIFT_VERSION = 3.0;
				SWIFT_WHOLE_MODULE_OPTIMIZATION = YES;
				VERSIONING_SYSTEM = "apple-generic";
				VERSION_INFO_PREFIX = "";
			};
			name = Debug;
		};
		C8A407891EDA576500ED8135 /* Release */ = {
			isa = XCBuildConfiguration;
			baseConfigurationReference = 7324171FA8EE490423A22B28 /* Pods-HackerKit.release.xcconfig */;
			buildSettings = {
				CLANG_ENABLE_MODULES = YES;
				CODE_SIGN_IDENTITY = "";
				CURRENT_PROJECT_VERSION = 1;
				DEFINES_MODULE = YES;
				DEVELOPMENT_TEAM = G98M8YL239;
				DYLIB_COMPATIBILITY_VERSION = 1;
				DYLIB_CURRENT_VERSION = 1;
				DYLIB_INSTALL_NAME_BASE = "@rpath";
				INFOPLIST_FILE = HackerKit/Info.plist;
				INSTALL_PATH = "$(LOCAL_LIBRARY_DIR)/Frameworks";
				LD_RUNPATH_SEARCH_PATHS = "$(inherited) @executable_path/Frameworks @loader_path/Frameworks";
				PRODUCT_BUNDLE_IDENTIFIER = me.amitjain.HackerKit;
				PRODUCT_NAME = "$(TARGET_NAME)";
				SKIP_INSTALL = YES;
				SWIFT_OPTIMIZATION_LEVEL = "-Owholemodule";
				SWIFT_VERSION = 3.0;
				SWIFT_WHOLE_MODULE_OPTIMIZATION = YES;
				VERSIONING_SYSTEM = "apple-generic";
				VERSION_INFO_PREFIX = "";
			};
			name = Release;
		};
		C8A4078B1EDA576500ED8135 /* Debug */ = {
			isa = XCBuildConfiguration;
			baseConfigurationReference = CF74B1F9D9E9A32345DC7D55 /* Pods-HackerKitTests.debug.xcconfig */;
			buildSettings = {
				ALWAYS_EMBED_SWIFT_STANDARD_LIBRARIES = YES;
				CLANG_ENABLE_MODULES = YES;
				DEVELOPMENT_TEAM = 4L5QWS3UVB;
				INFOPLIST_FILE = HackerKitTests/Info.plist;
				LD_RUNPATH_SEARCH_PATHS = "$(inherited) @executable_path/Frameworks @loader_path/Frameworks";
				PRODUCT_BUNDLE_IDENTIFIER = me.amitjain.HackerKitTests;
				PRODUCT_NAME = "$(TARGET_NAME)";
				SWIFT_OPTIMIZATION_LEVEL = "-Onone";
				SWIFT_VERSION = 3.0;
				SWIFT_WHOLE_MODULE_OPTIMIZATION = YES;
				TEST_HOST = "$(BUILT_PRODUCTS_DIR)/Hacker.app/Hacker";
			};
			name = Debug;
		};
		C8A4078C1EDA576500ED8135 /* Release */ = {
			isa = XCBuildConfiguration;
			baseConfigurationReference = B987EC1D9F3E6D3F46C36505 /* Pods-HackerKitTests.release.xcconfig */;
			buildSettings = {
				ALWAYS_EMBED_SWIFT_STANDARD_LIBRARIES = YES;
				CLANG_ENABLE_MODULES = YES;
				DEVELOPMENT_TEAM = 4L5QWS3UVB;
				INFOPLIST_FILE = HackerKitTests/Info.plist;
				LD_RUNPATH_SEARCH_PATHS = "$(inherited) @executable_path/Frameworks @loader_path/Frameworks";
				PRODUCT_BUNDLE_IDENTIFIER = me.amitjain.HackerKitTests;
				PRODUCT_NAME = "$(TARGET_NAME)";
				SWIFT_OPTIMIZATION_LEVEL = "-Owholemodule";
				SWIFT_VERSION = 3.0;
				SWIFT_WHOLE_MODULE_OPTIMIZATION = YES;
				TEST_HOST = "$(BUILT_PRODUCTS_DIR)/Hacker.app/Hacker";
			};
			name = Release;
		};
/* End XCBuildConfiguration section */

/* Begin XCConfigurationList section */
		C891B77A1ED7B1C700249A53 /* Build configuration list for PBXProject "Hacker" */ = {
			isa = XCConfigurationList;
			buildConfigurations = (
				C891B7A81ED7B1C700249A53 /* Debug */,
				C891B7A91ED7B1C700249A53 /* Release */,
			);
			defaultConfigurationIsVisible = 0;
			defaultConfigurationName = Release;
		};
		C891B7AA1ED7B1C700249A53 /* Build configuration list for PBXNativeTarget "Hacker" */ = {
			isa = XCConfigurationList;
			buildConfigurations = (
				C891B7AB1ED7B1C700249A53 /* Debug */,
				C891B7AC1ED7B1C700249A53 /* Release */,
			);
			defaultConfigurationIsVisible = 0;
			defaultConfigurationName = Release;
		};
		C891B7AD1ED7B1C700249A53 /* Build configuration list for PBXNativeTarget "HackerTests" */ = {
			isa = XCConfigurationList;
			buildConfigurations = (
				C891B7AE1ED7B1C700249A53 /* Debug */,
				C891B7AF1ED7B1C700249A53 /* Release */,
			);
			defaultConfigurationIsVisible = 0;
			defaultConfigurationName = Release;
		};
		C891B7B01ED7B1C700249A53 /* Build configuration list for PBXNativeTarget "HackerUITests" */ = {
			isa = XCConfigurationList;
			buildConfigurations = (
				C891B7B11ED7B1C700249A53 /* Debug */,
				C891B7B21ED7B1C700249A53 /* Release */,
			);
			defaultConfigurationIsVisible = 0;
			defaultConfigurationName = Release;
		};
		C8A407871EDA576500ED8135 /* Build configuration list for PBXNativeTarget "HackerKit" */ = {
			isa = XCConfigurationList;
			buildConfigurations = (
				C8A407881EDA576500ED8135 /* Debug */,
				C8A407891EDA576500ED8135 /* Release */,
			);
			defaultConfigurationIsVisible = 0;
			defaultConfigurationName = Release;
		};
		C8A4078A1EDA576500ED8135 /* Build configuration list for PBXNativeTarget "HackerKitTests" */ = {
			isa = XCConfigurationList;
			buildConfigurations = (
				C8A4078B1EDA576500ED8135 /* Debug */,
				C8A4078C1EDA576500ED8135 /* Release */,
			);
			defaultConfigurationIsVisible = 0;
			defaultConfigurationName = Release;
		};
/* End XCConfigurationList section */

/* Begin XCVersionGroup section */
		C8BF807C1EDA58C700102112 /* Hacker.xcdatamodeld */ = {
			isa = XCVersionGroup;
			children = (
				C8BF807D1EDA58C700102112 /* Hacker.xcdatamodel */,
			);
			currentVersion = C8BF807D1EDA58C700102112 /* Hacker.xcdatamodel */;
			path = Hacker.xcdatamodeld;
			sourceTree = "<group>";
			versionGroupType = wrapper.xcdatamodel;
		};
/* End XCVersionGroup section */
	};
	rootObject = C891B7771ED7B1C700249A53 /* Project object */;
}
